// !$*UTF8*$!
{
	archiveVersion = 1;
	classes = {
	};
	objectVersion = 56;
	objects = {

/* Begin PBXBuildFile section */
		8BAD727129F3FAEE0026D93E /* study_lesson_2App.swift in Sources */ = {isa = PBXBuildFile; fileRef = 8BAD727029F3FAEE0026D93E /* study_lesson_2App.swift */; };
		8BAD727329F3FAEE0026D93E /* ContentView.swift in Sources */ = {isa = PBXBuildFile; fileRef = 8BAD727229F3FAEE0026D93E /* ContentView.swift */; };
		8BAD727529F3FAF10026D93E /* Assets.xcassets in Resources */ = {isa = PBXBuildFile; fileRef = 8BAD727429F3FAF10026D93E /* Assets.xcassets */; };
		8BAD727829F3FAF10026D93E /* Preview Assets.xcassets in Resources */ = {isa = PBXBuildFile; fileRef = 8BAD727729F3FAF10026D93E /* Preview Assets.xcassets */; };
		8BAD727A29F3FAF10026D93E /* Persistence.swift in Sources */ = {isa = PBXBuildFile; fileRef = 8BAD727929F3FAF10026D93E /* Persistence.swift */; };
		8BAD727D29F3FAF10026D93E /* study_lesson_2.xcdatamodeld in Sources */ = {isa = PBXBuildFile; fileRef = 8BAD727B29F3FAF10026D93E /* study_lesson_2.xcdatamodeld */; };
		8BAD728729F3FAF10026D93E /* study_lesson_2Tests.swift in Sources */ = {isa = PBXBuildFile; fileRef = 8BAD728629F3FAF10026D93E /* study_lesson_2Tests.swift */; };
		8BAD729129F3FAF10026D93E /* study_lesson_2UITests.swift in Sources */ = {isa = PBXBuildFile; fileRef = 8BAD729029F3FAF10026D93E /* study_lesson_2UITests.swift */; };
		8BAD729329F3FAF10026D93E /* study_lesson_2UITestsLaunchTests.swift in Sources */ = {isa = PBXBuildFile; fileRef = 8BAD729229F3FAF10026D93E /* study_lesson_2UITestsLaunchTests.swift */; };
/* End PBXBuildFile section */

/* Begin PBXContainerItemProxy section */
		8BAD728329F3FAF10026D93E /* PBXContainerItemProxy */ = {
			isa = PBXContainerItemProxy;
			containerPortal = 8BAD726529F3FAEE0026D93E /* Project object */;
			proxyType = 1;
			remoteGlobalIDString = 8BAD726C29F3FAEE0026D93E;
			remoteInfo = study_lesson_2;
		};
		8BAD728D29F3FAF10026D93E /* PBXContainerItemProxy */ = {
			isa = PBXContainerItemProxy;
			containerPortal = 8BAD726529F3FAEE0026D93E /* Project object */;
			proxyType = 1;
			remoteGlobalIDString = 8BAD726C29F3FAEE0026D93E;
			remoteInfo = study_lesson_2;
		};
/* End PBXContainerItemProxy section */

/* Begin PBXFileReference section */
		8BAD726D29F3FAEE0026D93E /* study_lesson_2.app */ = {isa = PBXFileReference; explicitFileType = wrapper.application; includeInIndex = 0; path = study_lesson_2.app; sourceTree = BUILT_PRODUCTS_DIR; };
		8BAD727029F3FAEE0026D93E /* study_lesson_2App.swift */ = {isa = PBXFileReference; lastKnownFileType = sourcecode.swift; path = study_lesson_2App.swift; sourceTree = "<group>"; };
		8BAD727229F3FAEE0026D93E /* ContentView.swift */ = {isa = PBXFileReference; lastKnownFileType = sourcecode.swift; path = ContentView.swift; sourceTree = "<group>"; wrapsLines = 1; };
		8BAD727429F3FAF10026D93E /* Assets.xcassets */ = {isa = PBXFileReference; lastKnownFileType = folder.assetcatalog; path = Assets.xcassets; sourceTree = "<group>"; };
		8BAD727729F3FAF10026D93E /* Preview Assets.xcassets */ = {isa = PBXFileReference; lastKnownFileType = folder.assetcatalog; path = "Preview Assets.xcassets"; sourceTree = "<group>"; };
		8BAD727929F3FAF10026D93E /* Persistence.swift */ = {isa = PBXFileReference; lastKnownFileType = sourcecode.swift; path = Persistence.swift; sourceTree = "<group>"; };
		8BAD727C29F3FAF10026D93E /* study_lesson_2.xcdatamodel */ = {isa = PBXFileReference; lastKnownFileType = wrapper.xcdatamodel; path = study_lesson_2.xcdatamodel; sourceTree = "<group>"; };
		8BAD728229F3FAF10026D93E /* study_lesson_2Tests.xctest */ = {isa = PBXFileReference; explicitFileType = wrapper.cfbundle; includeInIndex = 0; path = study_lesson_2Tests.xctest; sourceTree = BUILT_PRODUCTS_DIR; };
		8BAD728629F3FAF10026D93E /* study_lesson_2Tests.swift */ = {isa = PBXFileReference; lastKnownFileType = sourcecode.swift; path = study_lesson_2Tests.swift; sourceTree = "<group>"; };
		8BAD728C29F3FAF10026D93E /* study_lesson_2UITests.xctest */ = {isa = PBXFileReference; explicitFileType = wrapper.cfbundle; includeInIndex = 0; path = study_lesson_2UITests.xctest; sourceTree = BUILT_PRODUCTS_DIR; };
		8BAD729029F3FAF10026D93E /* study_lesson_2UITests.swift */ = {isa = PBXFileReference; lastKnownFileType = sourcecode.swift; path = study_lesson_2UITests.swift; sourceTree = "<group>"; };
		8BAD729229F3FAF10026D93E /* study_lesson_2UITestsLaunchTests.swift */ = {isa = PBXFileReference; lastKnownFileType = sourcecode.swift; path = study_lesson_2UITestsLaunchTests.swift; sourceTree = "<group>"; };
		8BAD729F29F3FC6C0026D93E /* study_lesson_2.entitlements */ = {isa = PBXFileReference; lastKnownFileType = text.plist.entitlements; path = study_lesson_2.entitlements; sourceTree = "<group>"; };
/* End PBXFileReference section */

/* Begin PBXFrameworksBuildPhase section */
		8BAD726A29F3FAEE0026D93E /* Frameworks */ = {
			isa = PBXFrameworksBuildPhase;
			buildActionMask = 2147483647;
			files = (
			);
			runOnlyForDeploymentPostprocessing = 0;
		};
		8BAD727F29F3FAF10026D93E /* Frameworks */ = {
			isa = PBXFrameworksBuildPhase;
			buildActionMask = 2147483647;
			files = (
			);
			runOnlyForDeploymentPostprocessing = 0;
		};
		8BAD728929F3FAF10026D93E /* Frameworks */ = {
			isa = PBXFrameworksBuildPhase;
			buildActionMask = 2147483647;
			files = (
			);
			runOnlyForDeploymentPostprocessing = 0;
		};
/* End PBXFrameworksBuildPhase section */

/* Begin PBXGroup section */
		8BAD726429F3FAEE0026D93E = {
			isa = PBXGroup;
			children = (
				8BAD726F29F3FAEE0026D93E /* study_lesson_2 */,
				8BAD728529F3FAF10026D93E /* study_lesson_2Tests */,
				8BAD728F29F3FAF10026D93E /* study_lesson_2UITests */,
				8BAD726E29F3FAEE0026D93E /* Products */,
			);
			sourceTree = "<group>";
		};
		8BAD726E29F3FAEE0026D93E /* Products */ = {
			isa = PBXGroup;
			children = (
				8BAD726D29F3FAEE0026D93E /* study_lesson_2.app */,
				8BAD728229F3FAF10026D93E /* study_lesson_2Tests.xctest */,
				8BAD728C29F3FAF10026D93E /* study_lesson_2UITests.xctest */,
			);
			name = Products;
			sourceTree = "<group>";
		};
		8BAD726F29F3FAEE0026D93E /* study_lesson_2 */ = {
			isa = PBXGroup;
			children = (
				8BAD729F29F3FC6C0026D93E /* study_lesson_2.entitlements */,
				8BAD727029F3FAEE0026D93E /* study_lesson_2App.swift */,
				8BAD727229F3FAEE0026D93E /* ContentView.swift */,
				8BAD727429F3FAF10026D93E /* Assets.xcassets */,
				8BAD727929F3FAF10026D93E /* Persistence.swift */,
				8BAD727B29F3FAF10026D93E /* study_lesson_2.xcdatamodeld */,
				8BAD727629F3FAF10026D93E /* Preview Content */,
			);
			path = study_lesson_2;
			sourceTree = "<group>";
		};
		8BAD727629F3FAF10026D93E /* Preview Content */ = {
			isa = PBXGroup;
			children = (
				8BAD727729F3FAF10026D93E /* Preview Assets.xcassets */,
			);
			path = "Preview Content";
			sourceTree = "<group>";
		};
		8BAD728529F3FAF10026D93E /* study_lesson_2Tests */ = {
			isa = PBXGroup;
			children = (
				8BAD728629F3FAF10026D93E /* study_lesson_2Tests.swift */,
			);
			path = study_lesson_2Tests;
			sourceTree = "<group>";
		};
		8BAD728F29F3FAF10026D93E /* study_lesson_2UITests */ = {
			isa = PBXGroup;
			children = (
				8BAD729029F3FAF10026D93E /* study_lesson_2UITests.swift */,
				8BAD729229F3FAF10026D93E /* study_lesson_2UITestsLaunchTests.swift */,
			);
			path = study_lesson_2UITests;
			sourceTree = "<group>";
		};
/* End PBXGroup section */

/* Begin PBXNativeTarget section */
		8BAD726C29F3FAEE0026D93E /* study_lesson_2 */ = {
			isa = PBXNativeTarget;
			buildConfigurationList = 8BAD729629F3FAF10026D93E /* Build configuration list for PBXNativeTarget "study_lesson_2" */;
			buildPhases = (
				8BAD726929F3FAEE0026D93E /* Sources */,
				8BAD726A29F3FAEE0026D93E /* Frameworks */,
				8BAD726B29F3FAEE0026D93E /* Resources */,
			);
			buildRules = (
			);
			dependencies = (
			);
			name = study_lesson_2;
			productName = study_lesson_2;
			productReference = 8BAD726D29F3FAEE0026D93E /* study_lesson_2.app */;
			productType = "com.apple.product-type.application";
		};
		8BAD728129F3FAF10026D93E /* study_lesson_2Tests */ = {
			isa = PBXNativeTarget;
			buildConfigurationList = 8BAD729929F3FAF10026D93E /* Build configuration list for PBXNativeTarget "study_lesson_2Tests" */;
			buildPhases = (
				8BAD727E29F3FAF10026D93E /* Sources */,
				8BAD727F29F3FAF10026D93E /* Frameworks */,
				8BAD728029F3FAF10026D93E /* Resources */,
			);
			buildRules = (
			);
			dependencies = (
				8BAD728429F3FAF10026D93E /* PBXTargetDependency */,
			);
			name = study_lesson_2Tests;
			productName = study_lesson_2Tests;
			productReference = 8BAD728229F3FAF10026D93E /* study_lesson_2Tests.xctest */;
			productType = "com.apple.product-type.bundle.unit-test";
		};
		8BAD728B29F3FAF10026D93E /* study_lesson_2UITests */ = {
			isa = PBXNativeTarget;
			buildConfigurationList = 8BAD729C29F3FAF10026D93E /* Build configuration list for PBXNativeTarget "study_lesson_2UITests" */;
			buildPhases = (
				8BAD728829F3FAF10026D93E /* Sources */,
				8BAD728929F3FAF10026D93E /* Frameworks */,
				8BAD728A29F3FAF10026D93E /* Resources */,
			);
			buildRules = (
			);
			dependencies = (
				8BAD728E29F3FAF10026D93E /* PBXTargetDependency */,
			);
			name = study_lesson_2UITests;
			productName = study_lesson_2UITests;
			productReference = 8BAD728C29F3FAF10026D93E /* study_lesson_2UITests.xctest */;
			productType = "com.apple.product-type.bundle.ui-testing";
		};
/* End PBXNativeTarget section */

/* Begin PBXProject section */
		8BAD726529F3FAEE0026D93E /* Project object */ = {
			isa = PBXProject;
			attributes = {
				BuildIndependentTargetsInParallel = 1;
				LastSwiftUpdateCheck = 1430;
				LastUpgradeCheck = 1430;
				TargetAttributes = {
					8BAD726C29F3FAEE0026D93E = {
						CreatedOnToolsVersion = 14.3;
					};
					8BAD728129F3FAF10026D93E = {
						CreatedOnToolsVersion = 14.3;
						TestTargetID = 8BAD726C29F3FAEE0026D93E;
					};
					8BAD728B29F3FAF10026D93E = {
						CreatedOnToolsVersion = 14.3;
						TestTargetID = 8BAD726C29F3FAEE0026D93E;
					};
				};
			};
			buildConfigurationList = 8BAD726829F3FAEE0026D93E /* Build configuration list for PBXProject "study_lesson_2" */;
			compatibilityVersion = "Xcode 14.0";
			developmentRegion = en;
			hasScannedForEncodings = 0;
			knownRegions = (
				en,
				Base,
			);
			mainGroup = 8BAD726429F3FAEE0026D93E;
			productRefGroup = 8BAD726E29F3FAEE0026D93E /* Products */;
			projectDirPath = "";
			projectRoot = "";
			targets = (
				8BAD726C29F3FAEE0026D93E /* study_lesson_2 */,
				8BAD728129F3FAF10026D93E /* study_lesson_2Tests */,
				8BAD728B29F3FAF10026D93E /* study_lesson_2UITests */,
			);
		};
/* End PBXProject section */

/* Begin PBXResourcesBuildPhase section */
		8BAD726B29F3FAEE0026D93E /* Resources */ = {
			isa = PBXResourcesBuildPhase;
			buildActionMask = 2147483647;
			files = (
				8BAD727829F3FAF10026D93E /* Preview Assets.xcassets in Resources */,
				8BAD727529F3FAF10026D93E /* Assets.xcassets in Resources */,
			);
			runOnlyForDeploymentPostprocessing = 0;
		};
		8BAD728029F3FAF10026D93E /* Resources */ = {
			isa = PBXResourcesBuildPhase;
			buildActionMask = 2147483647;
			files = (
			);
			runOnlyForDeploymentPostprocessing = 0;
		};
		8BAD728A29F3FAF10026D93E /* Resources */ = {
			isa = PBXResourcesBuildPhase;
			buildActionMask = 2147483647;
			files = (
			);
			runOnlyForDeploymentPostprocessing = 0;
		};
/* End PBXResourcesBuildPhase section */

/* Begin PBXSourcesBuildPhase section */
		8BAD726929F3FAEE0026D93E /* Sources */ = {
			isa = PBXSourcesBuildPhase;
			buildActionMask = 2147483647;
			files = (
				8BAD727D29F3FAF10026D93E /* study_lesson_2.xcdatamodeld in Sources */,
				8BAD727A29F3FAF10026D93E /* Persistence.swift in Sources */,
				8BAD727329F3FAEE0026D93E /* ContentView.swift in Sources */,
				8BAD727129F3FAEE0026D93E /* study_lesson_2App.swift in Sources */,
			);
			runOnlyForDeploymentPostprocessing = 0;
		};
		8BAD727E29F3FAF10026D93E /* Sources */ = {
			isa = PBXSourcesBuildPhase;
			buildActionMask = 2147483647;
			files = (
				8BAD728729F3FAF10026D93E /* study_lesson_2Tests.swift in Sources */,
			);
			runOnlyForDeploymentPostprocessing = 0;
		};
		8BAD728829F3FAF10026D93E /* Sources */ = {
			isa = PBXSourcesBuildPhase;
			buildActionMask = 2147483647;
			files = (
				8BAD729129F3FAF10026D93E /* study_lesson_2UITests.swift in Sources */,
				8BAD729329F3FAF10026D93E /* study_lesson_2UITestsLaunchTests.swift in Sources */,
			);
			runOnlyForDeploymentPostprocessing = 0;
		};
/* End PBXSourcesBuildPhase section */

/* Begin PBXTargetDependency section */
		8BAD728429F3FAF10026D93E /* PBXTargetDependency */ = {
			isa = PBXTargetDependency;
			target = 8BAD726C29F3FAEE0026D93E /* study_lesson_2 */;
			targetProxy = 8BAD728329F3FAF10026D93E /* PBXContainerItemProxy */;
		};
		8BAD728E29F3FAF10026D93E /* PBXTargetDependency */ = {
			isa = PBXTargetDependency;
			target = 8BAD726C29F3FAEE0026D93E /* study_lesson_2 */;
			targetProxy = 8BAD728D29F3FAF10026D93E /* PBXContainerItemProxy */;
		};
/* End PBXTargetDependency section */

/* Begin XCBuildConfiguration section */
		8BAD729429F3FAF10026D93E /* Debug */ = {
			isa = XCBuildConfiguration;
			buildSettings = {
				ALWAYS_SEARCH_USER_PATHS = NO;
				CLANG_ANALYZER_NONNULL = YES;
				CLANG_ANALYZER_NUMBER_OBJECT_CONVERSION = YES_AGGRESSIVE;
				CLANG_CXX_LANGUAGE_STANDARD = "gnu++20";
				CLANG_ENABLE_MODULES = YES;
				CLANG_ENABLE_OBJC_ARC = YES;
				CLANG_ENABLE_OBJC_WEAK = YES;
				CLANG_WARN_BLOCK_CAPTURE_AUTORELEASING = YES;
				CLANG_WARN_BOOL_CONVERSION = YES;
				CLANG_WARN_COMMA = YES;
				CLANG_WARN_CONSTANT_CONVERSION = YES;
				CLANG_WARN_DEPRECATED_OBJC_IMPLEMENTATIONS = YES;
				CLANG_WARN_DIRECT_OBJC_ISA_USAGE = YES_ERROR;
				CLANG_WARN_DOCUMENTATION_COMMENTS = YES;
				CLANG_WARN_EMPTY_BODY = YES;
				CLANG_WARN_ENUM_CONVERSION = YES;
				CLANG_WARN_INFINITE_RECURSION = YES;
				CLANG_WARN_INT_CONVERSION = YES;
				CLANG_WARN_NON_LITERAL_NULL_CONVERSION = YES;
				CLANG_WARN_OBJC_IMPLICIT_RETAIN_SELF = YES;
				CLANG_WARN_OBJC_LITERAL_CONVERSION = YES;
				CLANG_WARN_OBJC_ROOT_CLASS = YES_ERROR;
				CLANG_WARN_QUOTED_INCLUDE_IN_FRAMEWORK_HEADER = YES;
				CLANG_WARN_RANGE_LOOP_ANALYSIS = YES;
				CLANG_WARN_STRICT_PROTOTYPES = YES;
				CLANG_WARN_SUSPICIOUS_MOVE = YES;
				CLANG_WARN_UNGUARDED_AVAILABILITY = YES_AGGRESSIVE;
				CLANG_WARN_UNREACHABLE_CODE = YES;
				CLANG_WARN__DUPLICATE_METHOD_MATCH = YES;
				COPY_PHASE_STRIP = NO;
				DEBUG_INFORMATION_FORMAT = dwarf;
				ENABLE_STRICT_OBJC_MSGSEND = YES;
				ENABLE_TESTABILITY = YES;
				GCC_C_LANGUAGE_STANDARD = gnu11;
				GCC_DYNAMIC_NO_PIC = NO;
				GCC_NO_COMMON_BLOCKS = YES;
				GCC_OPTIMIZATION_LEVEL = 0;
				GCC_PREPROCESSOR_DEFINITIONS = (
					"DEBUG=1",
					"$(inherited)",
				);
				GCC_WARN_64_TO_32_BIT_CONVERSION = YES;
				GCC_WARN_ABOUT_RETURN_TYPE = YES_ERROR;
				GCC_WARN_UNDECLARED_SELECTOR = YES;
				GCC_WARN_UNINITIALIZED_AUTOS = YES_AGGRESSIVE;
				GCC_WARN_UNUSED_FUNCTION = YES;
				GCC_WARN_UNUSED_VARIABLE = YES;
				IPHONEOS_DEPLOYMENT_TARGET = 16.4;
				MTL_ENABLE_DEBUG_INFO = INCLUDE_SOURCE;
				MTL_FAST_MATH = YES;
				ONLY_ACTIVE_ARCH = YES;
				SDKROOT = iphoneos;
				SWIFT_ACTIVE_COMPILATION_CONDITIONS = DEBUG;
				SWIFT_OPTIMIZATION_LEVEL = "-Onone";
			};
			name = Debug;
		};
		8BAD729529F3FAF10026D93E /* Release */ = {
			isa = XCBuildConfiguration;
			buildSettings = {
				ALWAYS_SEARCH_USER_PATHS = NO;
				CLANG_ANALYZER_NONNULL = YES;
				CLANG_ANALYZER_NUMBER_OBJECT_CONVERSION = YES_AGGRESSIVE;
				CLANG_CXX_LANGUAGE_STANDARD = "gnu++20";
				CLANG_ENABLE_MODULES = YES;
				CLANG_ENABLE_OBJC_ARC = YES;
				CLANG_ENABLE_OBJC_WEAK = YES;
				CLANG_WARN_BLOCK_CAPTURE_AUTORELEASING = YES;
				CLANG_WARN_BOOL_CONVERSION = YES;
				CLANG_WARN_COMMA = YES;
				CLANG_WARN_CONSTANT_CONVERSION = YES;
				CLANG_WARN_DEPRECATED_OBJC_IMPLEMENTATIONS = YES;
				CLANG_WARN_DIRECT_OBJC_ISA_USAGE = YES_ERROR;
				CLANG_WARN_DOCUMENTATION_COMMENTS = YES;
				CLANG_WARN_EMPTY_BODY = YES;
				CLANG_WARN_ENUM_CONVERSION = YES;
				CLANG_WARN_INFINITE_RECURSION = YES;
				CLANG_WARN_INT_CONVERSION = YES;
				CLANG_WARN_NON_LITERAL_NULL_CONVERSION = YES;
				CLANG_WARN_OBJC_IMPLICIT_RETAIN_SELF = YES;
				CLANG_WARN_OBJC_LITERAL_CONVERSION = YES;
				CLANG_WARN_OBJC_ROOT_CLASS = YES_ERROR;
				CLANG_WARN_QUOTED_INCLUDE_IN_FRAMEWORK_HEADER = YES;
				CLANG_WARN_RANGE_LOOP_ANALYSIS = YES;
				CLANG_WARN_STRICT_PROTOTYPES = YES;
				CLANG_WARN_SUSPICIOUS_MOVE = YES;
				CLANG_WARN_UNGUARDED_AVAILABILITY = YES_AGGRESSIVE;
				CLANG_WARN_UNREACHABLE_CODE = YES;
				CLANG_WARN__DUPLICATE_METHOD_MATCH = YES;
				COPY_PHASE_STRIP = NO;
				DEBUG_INFORMATION_FORMAT = "dwarf-with-dsym";
				ENABLE_NS_ASSERTIONS = NO;
				ENABLE_STRICT_OBJC_MSGSEND = YES;
				GCC_C_LANGUAGE_STANDARD = gnu11;
				GCC_NO_COMMON_BLOCKS = YES;
				GCC_WARN_64_TO_32_BIT_CONVERSION = YES;
				GCC_WARN_ABOUT_RETURN_TYPE = YES_ERROR;
				GCC_WARN_UNDECLARED_SELECTOR = YES;
				GCC_WARN_UNINITIALIZED_AUTOS = YES_AGGRESSIVE;
				GCC_WARN_UNUSED_FUNCTION = YES;
				GCC_WARN_UNUSED_VARIABLE = YES;
				IPHONEOS_DEPLOYMENT_TARGET = 16.4;
				MTL_ENABLE_DEBUG_INFO = NO;
				MTL_FAST_MATH = YES;
				SDKROOT = iphoneos;
				SWIFT_COMPILATION_MODE = wholemodule;
				SWIFT_OPTIMIZATION_LEVEL = "-O";
				VALIDATE_PRODUCT = YES;
			};
			name = Release;
		};
		8BAD729729F3FAF10026D93E /* Debug */ = {
			isa = XCBuildConfiguration;
			buildSettings = {
				ASSETCATALOG_COMPILER_APPICON_NAME = AppIcon;
				ASSETCATALOG_COMPILER_GLOBAL_ACCENT_COLOR_NAME = AccentColor;
				CODE_SIGN_ENTITLEMENTS = study_lesson_2/study_lesson_2.entitlements;
				CODE_SIGN_STYLE = Automatic;
				CURRENT_PROJECT_VERSION = 1;
				DEVELOPMENT_ASSET_PATHS = "\"study_lesson_2/Preview Content\"";
				ENABLE_PREVIEWS = YES;
				GENERATE_INFOPLIST_FILE = YES;
				INFOPLIST_KEY_UIApplicationSceneManifest_Generation = YES;
				INFOPLIST_KEY_UIApplicationSupportsIndirectInputEvents = YES;
				INFOPLIST_KEY_UILaunchScreen_Generation = YES;
				INFOPLIST_KEY_UISupportedInterfaceOrientations_iPad = "UIInterfaceOrientationPortrait UIInterfaceOrientationPortraitUpsideDown UIInterfaceOrientationLandscapeLeft UIInterfaceOrientationLandscapeRight";
				INFOPLIST_KEY_UISupportedInterfaceOrientations_iPhone = "UIInterfaceOrientationPortrait UIInterfaceOrientationLandscapeLeft UIInterfaceOrientationLandscapeRight";
				LD_RUNPATH_SEARCH_PATHS = (
					"$(inherited)",
					"@executable_path/Frameworks",
				);
				MARKETING_VERSION = 1.0;
				PRODUCT_BUNDLE_IDENTIFIER = "com.yourcompany.study-lesson-2";
				PRODUCT_NAME = "$(TARGET_NAME)";
				SWIFT_EMIT_LOC_STRINGS = YES;
				SWIFT_VERSION = 5.0;
				TARGETED_DEVICE_FAMILY = "1,2";
			};
			name = Debug;
		};
		8BAD729829F3FAF10026D93E /* Release */ = {
			isa = XCBuildConfiguration;
			buildSettings = {
				ASSETCATALOG_COMPILER_APPICON_NAME = AppIcon;
				ASSETCATALOG_COMPILER_GLOBAL_ACCENT_COLOR_NAME = AccentColor;
				CODE_SIGN_ENTITLEMENTS = study_lesson_2/study_lesson_2.entitlements;
				CODE_SIGN_STYLE = Automatic;
				CURRENT_PROJECT_VERSION = 1;
				DEVELOPMENT_ASSET_PATHS = "\"study_lesson_2/Preview Content\"";
				ENABLE_PREVIEWS = YES;
				GENERATE_INFOPLIST_FILE = YES;
				INFOPLIST_KEY_UIApplicationSceneManifest_Generation = YES;
				INFOPLIST_KEY_UIApplicationSupportsIndirectInputEvents = YES;
				INFOPLIST_KEY_UILaunchScreen_Generation = YES;
				INFOPLIST_KEY_UISupportedInterfaceOrientations_iPad = "UIInterfaceOrientationPortrait UIInterfaceOrientationPortraitUpsideDown UIInterfaceOrientationLandscapeLeft UIInterfaceOrientationLandscapeRight";
				INFOPLIST_KEY_UISupportedInterfaceOrientations_iPhone = "UIInterfaceOrientationPortrait UIInterfaceOrientationLandscapeLeft UIInterfaceOrientationLandscapeRight";
				LD_RUNPATH_SEARCH_PATHS = (
					"$(inherited)",
					"@executable_path/Frameworks",
				);
				MARKETING_VERSION = 1.0;
				PRODUCT_BUNDLE_IDENTIFIER = "com.yourcompany.study-lesson-2";
				PRODUCT_NAME = "$(TARGET_NAME)";
				SWIFT_EMIT_LOC_STRINGS = YES;
				SWIFT_VERSION = 5.0;
				TARGETED_DEVICE_FAMILY = "1,2";
			};
			name = Release;
		};
		8BAD729A29F3FAF10026D93E /* Debug */ = {
			isa = XCBuildConfiguration;
			buildSettings = {
				ALWAYS_EMBED_SWIFT_STANDARD_LIBRARIES = YES;
				BUNDLE_LOADER = "$(TEST_HOST)";
				CODE_SIGN_STYLE = Automatic;
				CURRENT_PROJECT_VERSION = 1;
				GENERATE_INFOPLIST_FILE = YES;
				IPHONEOS_DEPLOYMENT_TARGET = 16.4;
				MARKETING_VERSION = 1.0;
				PRODUCT_BUNDLE_IDENTIFIER = "com.yourcompany.study-lesson-2Tests";
				PRODUCT_NAME = "$(TARGET_NAME)";
				SWIFT_EMIT_LOC_STRINGS = NO;
				SWIFT_VERSION = 5.0;
				TARGETED_DEVICE_FAMILY = "1,2";
				TEST_HOST = "$(BUILT_PRODUCTS_DIR)/study_lesson_2.app/$(BUNDLE_EXECUTABLE_FOLDER_PATH)/study_lesson_2";
			};
			name = Debug;
		};
		8BAD729B29F3FAF10026D93E /* Release */ = {
			isa = XCBuildConfiguration;
			buildSettings = {
				ALWAYS_EMBED_SWIFT_STANDARD_LIBRARIES = YES;
				BUNDLE_LOADER = "$(TEST_HOST)";
				CODE_SIGN_STYLE = Automatic;
				CURRENT_PROJECT_VERSION = 1;
				GENERATE_INFOPLIST_FILE = YES;
				IPHONEOS_DEPLOYMENT_TARGET = 16.4;
				MARKETING_VERSION = 1.0;
				PRODUCT_BUNDLE_IDENTIFIER = "com.yourcompany.study-lesson-2Tests";
				PRODUCT_NAME = "$(TARGET_NAME)";
				SWIFT_EMIT_LOC_STRINGS = NO;
				SWIFT_VERSION = 5.0;
				TARGETED_DEVICE_FAMILY = "1,2";
				TEST_HOST = "$(BUILT_PRODUCTS_DIR)/study_lesson_2.app/$(BUNDLE_EXECUTABLE_FOLDER_PATH)/study_lesson_2";
			};
			name = Release;
		};
		8BAD729D29F3FAF10026D93E /* Debug */ = {
			isa = XCBuildConfiguration;
			buildSettings = {
				ALWAYS_EMBED_SWIFT_STANDARD_LIBRARIES = YES;
				CODE_SIGN_STYLE = Automatic;
				CURRENT_PROJECT_VERSION = 1;
				GENERATE_INFOPLIST_FILE = YES;
				MARKETING_VERSION = 1.0;
				PRODUCT_BUNDLE_IDENTIFIER = "com.yourcompany.study-lesson-2UITests";
				PRODUCT_NAME = "$(TARGET_NAME)";
				SWIFT_EMIT_LOC_STRINGS = NO;
				SWIFT_VERSION = 5.0;
				TARGETED_DEVICE_FAMILY = "1,2";
				TEST_TARGET_NAME = study_lesson_2;
			};
			name = Debug;
		};
		8BAD729E29F3FAF10026D93E /* Release */ = {
			isa = XCBuildConfiguration;
			buildSettings = {
				ALWAYS_EMBED_SWIFT_STANDARD_LIBRARIES = YES;
				CODE_SIGN_STYLE = Automatic;
				CURRENT_PROJECT_VERSION = 1;
				GENERATE_INFOPLIST_FILE = YES;
				MARKETING_VERSION = 1.0;
				PRODUCT_BUNDLE_IDENTIFIER = "com.yourcompany.study-lesson-2UITests";
				PRODUCT_NAME = "$(TARGET_NAME)";
				SWIFT_EMIT_LOC_STRINGS = NO;
				SWIFT_VERSION = 5.0;
				TARGETED_DEVICE_FAMILY = "1,2";
				TEST_TARGET_NAME = study_lesson_2;
			};
			name = Release;
		};
/* End XCBuildConfiguration section */

/* Begin XCConfigurationList section */
		8BAD726829F3FAEE0026D93E /* Build configuration list for PBXProject "study_lesson_2" */ = {
			isa = XCConfigurationList;
			buildConfigurations = (
				8BAD729429F3FAF10026D93E /* Debug */,
				8BAD729529F3FAF10026D93E /* Release */,
			);
			defaultConfigurationIsVisible = 0;
			defaultConfigurationName = Release;
		};
		8BAD729629F3FAF10026D93E /* Build configuration list for PBXNativeTarget "study_lesson_2" */ = {
			isa = XCConfigurationList;
			buildConfigurations = (
				8BAD729729F3FAF10026D93E /* Debug */,
				8BAD729829F3FAF10026D93E /* Release */,
			);
			defaultConfigurationIsVisible = 0;
			defaultConfigurationName = Release;
		};
		8BAD729929F3FAF10026D93E /* Build configuration list for PBXNativeTarget "study_lesson_2Tests" */ = {
			isa = XCConfigurationList;
			buildConfigurations = (
				8BAD729A29F3FAF10026D93E /* Debug */,
				8BAD729B29F3FAF10026D93E /* Release */,
			);
			defaultConfigurationIsVisible = 0;
			defaultConfigurationName = Release;
		};
		8BAD729C29F3FAF10026D93E /* Build configuration list for PBXNativeTarget "study_lesson_2UITests" */ = {
			isa = XCConfigurationList;
			buildConfigurations = (
				8BAD729D29F3FAF10026D93E /* Debug */,
				8BAD729E29F3FAF10026D93E /* Release */,
			);
			defaultConfigurationIsVisible = 0;
			defaultConfigurationName = Release;
		};
/* End XCConfigurationList section */

/* Begin XCVersionGroup section */
		8BAD727B29F3FAF10026D93E /* study_lesson_2.xcdatamodeld */ = {
			isa = XCVersionGroup;
			children = (
				8BAD727C29F3FAF10026D93E /* study_lesson_2.xcdatamodel */,
			);
			currentVersion = 8BAD727C29F3FAF10026D93E /* study_lesson_2.xcdatamodel */;
			path = study_lesson_2.xcdatamodeld;
			sourceTree = "<group>";
			versionGroupType = wrapper.xcdatamodel;
		};
/* End XCVersionGroup section */
	};
	rootObject = 8BAD726529F3FAEE0026D93E /* Project object */;
}
